
Microsoft Visual Studio Solution File, Format Version 12.00
# Visual Studio Version 17
VisualStudioVersion = 17.0.31903.59
MinimumVisualStudioVersion = 10.0.40219.1
Project("{FAE04EC0-301F-11D3-BF4B-00C04F79EFBC}") = "AoC2021", "AoC2021\AoC2021.csproj", "{D1E262B0-9A50-4B3B-8795-88F72EB64473}"
EndProject
Project("{FAE04EC0-301F-11D3-BF4B-00C04F79EFBC}") = "AoC2021.Tests", "AoC2021.Tests\AoC2021.Tests.csproj", "{281C6E1A-DD57-4B37-A05C-6E936510B955}"
EndProject
Global
	GlobalSection(SolutionConfigurationPlatforms) = preSolution
		Debug|Any CPU = Debug|Any CPU
		Release|Any CPU = Release|Any CPU
	EndGlobalSection
	GlobalSection(ProjectConfigurationPlatforms) = postSolution
		{D1E262B0-9A50-4B3B-8795-88F72EB64473}.Debug|Any CPU.ActiveCfg = Debug|Any CPU
		{D1E262B0-9A50-4B3B-8795-88F72EB64473}.Debug|Any CPU.Build.0 = Debug|Any CPU
		{D1E262B0-9A50-4B3B-8795-88F72EB64473}.Release|Any CPU.ActiveCfg = Release|Any CPU
		{D1E262B0-9A50-4B3B-8795-88F72EB64473}.Release|Any CPU.Build.0 = Release|Any CPU
		{281C6E1A-DD57-4B37-A05C-6E936510B955}.Debug|Any CPU.ActiveCfg = Debug|Any CPU
		{281C6E1A-DD57-4B37-A05C-6E936510B955}.Debug|Any CPU.Build.0 = Debug|Any CPU
		{281C6E1A-DD57-4B37-A05C-6E936510B955}.Release|Any CPU.ActiveCfg = Release|Any CPU
		{281C6E1A-DD57-4B37-A05C-6E936510B955}.Release|Any CPU.Build.0 = Release|Any CPU
	EndGlobalSection
	GlobalSection(SolutionProperties) = preSolution
		HideSolutionNode = FALSE
	EndGlobalSection
	GlobalSection(ExtensibilityGlobals) = postSolution
		SolutionGuid = {B44EA99D-AB0D-4014-8E21-EB6393A4403F}
	EndGlobalSection
EndGlobal
